{
  "name": "dependabot-demo",
  "version": "1.0.0",
  "lockfileVersion": 3,
  "requires": true,
  "packages": {
    "": {
      "name": "dependabot-demo",
      "version": "1.0.0",
      "license": "ISC",
      "dependencies": {
        "google-libphonenumber": "^3.2.30"
      }
    },
    "node_modules/google-libphonenumber": {
      "version": "3.2.30",
      "resolved": "https://registry.npmjs.org/google-libphonenumber/-/google-libphonenumber-3.2.30.tgz",
      "integrity": "sha512-Kx2/AqmY0P6863vOhkiCFqfAxfY3jagMe916ByU38JRKiRCqSHGJW1qTOZNV4+ag8Xda69dk6w8VwEeswVy44w==",
      "license": "(MIT AND Apache-2.0)",
      "engines": {
        "node": ">=0.10"
      }
    }
  }
}
